
Microsoft Visual Studio Solution File, Format Version 12.00
# Visual Studio Version 17
VisualStudioVersion = 17.13.35825.156
MinimumVisualStudioVersion = 10.0.40219.1
Project("{FAE04EC0-301F-11D3-BF4B-00C04F79EFBC}") = "ProjectFinal", "ProjectFinal\ProjectFinal.csproj", "{E0DC89F3-B40F-495B-A395-23F68C260917}"
EndProject
Project("{FAE04EC0-301F-11D3-BF4B-00C04F79EFBC}") = "WeatherLib", "WeatherLib\WeatherLib.csproj", "{73F04FC2-8CD4-400C-B9F5-2310E9C8CD1C}"
EndProject
Project("{FAE04EC0-301F-11D3-BF4B-00C04F79EFBC}") = "SecurityDLL", "SecurityDLL\SecurityDLL.csproj", "{2BFC0DBC-4C5B-4DB3-9A34-705DB74CFC31}"
EndProject
Global
	GlobalSection(SolutionConfigurationPlatforms) = preSolution
		Debug|Any CPU = Debug|Any CPU
		Release|Any CPU = Release|Any CPU
	EndGlobalSection
	GlobalSection(ProjectConfigurationPlatforms) = postSolution
		{E0DC89F3-B40F-495B-A395-23F68C260917}.Debug|Any CPU.ActiveCfg = Debug|Any CPU
		{E0DC89F3-B40F-495B-A395-23F68C260917}.Debug|Any CPU.Build.0 = Debug|Any CPU
		{E0DC89F3-B40F-495B-A395-23F68C260917}.Release|Any CPU.ActiveCfg = Release|Any CPU
		{E0DC89F3-B40F-495B-A395-23F68C260917}.Release|Any CPU.Build.0 = Release|Any CPU
		{73F04FC2-8CD4-400C-B9F5-2310E9C8CD1C}.Debug|Any CPU.ActiveCfg = Debug|Any CPU
		{73F04FC2-8CD4-400C-B9F5-2310E9C8CD1C}.Debug|Any CPU.Build.0 = Debug|Any CPU
		{73F04FC2-8CD4-400C-B9F5-2310E9C8CD1C}.Release|Any CPU.ActiveCfg = Release|Any CPU
		{73F04FC2-8CD4-400C-B9F5-2310E9C8CD1C}.Release|Any CPU.Build.0 = Release|Any CPU
		{2BFC0DBC-4C5B-4DB3-9A34-705DB74CFC31}.Debug|Any CPU.ActiveCfg = Debug|Any CPU
		{2BFC0DBC-4C5B-4DB3-9A34-705DB74CFC31}.Debug|Any CPU.Build.0 = Debug|Any CPU
		{2BFC0DBC-4C5B-4DB3-9A34-705DB74CFC31}.Release|Any CPU.ActiveCfg = Release|Any CPU
		{2BFC0DBC-4C5B-4DB3-9A34-705DB74CFC31}.Release|Any CPU.Build.0 = Release|Any CPU
	EndGlobalSection
	GlobalSection(SolutionProperties) = preSolution
		HideSolutionNode = FALSE
	EndGlobalSection
	GlobalSection(ExtensibilityGlobals) = postSolution
		SolutionGuid = {D166F4AE-AD00-461B-8800-6DAF7A8A5EFD}
	EndGlobalSection
EndGlobal
